
Microsoft Visual Studio Solution File, Format Version 12.00
# Visual Studio Version 17
VisualStudioVersion = 17.4.33110.190
MinimumVisualStudioVersion = 10.0.40219.1
Project("{FAE04EC0-301F-11D3-BF4B-00C04F79EFBC}") = "Cead", "src\Cead.csproj", "{39DF2EC0-ADC2-4139-A0A8-A386B9BA04F9}"
EndProject
Global
	GlobalSection(SolutionConfigurationPlatforms) = preSolution
		Debug|Any CPU = Debug|Any CPU
		Release|Any CPU = Release|Any CPU
	EndGlobalSection
	GlobalSection(ProjectConfigurationPlatforms) = postSolution
		{39DF2EC0-ADC2-4139-A0A8-A386B9BA04F9}.Debug|Any CPU.ActiveCfg = Debug|Any CPU
		{39DF2EC0-ADC2-4139-A0A8-A386B9BA04F9}.Debug|Any CPU.Build.0 = Debug|Any CPU
		{39DF2EC0-ADC2-4139-A0A8-A386B9BA04F9}.Release|Any CPU.ActiveCfg = Release|Any CPU
		{39DF2EC0-ADC2-4139-A0A8-A386B9BA04F9}.Release|Any CPU.Build.0 = Release|Any CPU
	EndGlobalSection
	GlobalSection(SolutionProperties) = preSolution
		HideSolutionNode = FALSE
	EndGlobalSection
	GlobalSection(ExtensibilityGlobals) = postSolution
		SolutionGuid = {D654C03D-34FE-4C91-A98F-EB011A32D327}
	EndGlobalSection
EndGlobal
